
Microsoft Visual Studio Solution File, Format Version 12.00
# Visual Studio Version 18
VisualStudioVersion = 18.2.11415.280
MinimumVisualStudioVersion = 10.0.40219.1
Project("{9A19103F-16F7-4668-BE54-9A1E7A4F7556}") = "Totem", "src\Totem\Totem.csproj", "{591C4A49-8193-4780-BEF3-F3420EC3C65C}"
EndProject
Project("{9A19103F-16F7-4668-BE54-9A1E7A4F7556}") = "Totem.Runtime", "src\Totem.Runtime\Totem.Runtime.csproj", "{2DF0CF1D-1949-4021-ADDC-7C9C898E87C6}"
EndProject
Project("{9A19103F-16F7-4668-BE54-9A1E7A4F7556}") = "Totem.Timeline", "src\Totem.Timeline\Totem.Timeline.csproj", "{2CE3E3CE-24FA-4D49-B7F2-DF90C3F382C9}"
EndProject
Project("{9A19103F-16F7-4668-BE54-9A1E7A4F7556}") = "Totem.Timeline.EventStore", "src\Totem.Timeline.EventStore\Totem.Timeline.EventStore.csproj", "{FC5AD829-C91E-4A67-9C2E-9536CDB2ECB2}"
EndProject
Project("{9A19103F-16F7-4668-BE54-9A1E7A4F7556}") = "Totem.Timeline.Mvc", "src\Totem.Timeline.Mvc\Totem.Timeline.Mvc.csproj", "{530B7EED-5695-4725-96D7-FEE6075F29B0}"
EndProject
Project("{9A19103F-16F7-4668-BE54-9A1E7A4F7556}") = "Totem.Timeline.SignalR", "src\Totem.Timeline.SignalR\Totem.Timeline.SignalR.csproj", "{D5457111-A91E-4C99-82FB-D25651DA4FF9}"
EndProject
Project("{9A19103F-16F7-4668-BE54-9A1E7A4F7556}") = "Totem.App.Service", "src\Totem.App.Service\Totem.App.Service.csproj", "{24E68249-6182-4FA2-8504-2973B1926FBA}"
EndProject
Project("{9A19103F-16F7-4668-BE54-9A1E7A4F7556}") = "Totem.App.Web", "src\Totem.App.Web\Totem.App.Web.csproj", "{608B4716-40D6-4A8C-8DBA-C49EB06B1984}"
EndProject
Project("{2150E333-8FDC-42A3-9474-1A3956D46DE8}") = "tests", "tests", "{61D62A6C-0B81-48F7-8204-76924E273C7D}"
EndProject
Project("{9A19103F-16F7-4668-BE54-9A1E7A4F7556}") = "Totem.Timeline.IntegrationTests", "tests\Totem.Timeline.IntegrationTests\Totem.Timeline.IntegrationTests.csproj", "{FA17F2BF-3BAD-4AC4-A970-16E7C81D2852}"
EndProject
Project("{9A19103F-16F7-4668-BE54-9A1E7A4F7556}") = "Totem.App.Tests", "src\Totem.App.Tests\Totem.App.Tests.csproj", "{AD26407A-1944-4507-A296-56338B4AF0EA}"
EndProject
Project("{FAE04EC0-301F-11D3-BF4B-00C04F79EFBC}") = "Quantum", "Outermind\Quantum.csproj", "{89918063-7F9C-CBEB-B994-FF7BF0890257}"
EndProject
Project("{FAE04EC0-301F-11D3-BF4B-00C04F79EFBC}") = "Quantum.Service", "Outermind.Service\Quantum.Service.csproj", "{FBE4A23E-67C6-598A-4049-9E22DE4CC45D}"
EndProject
Project("{FAE04EC0-301F-11D3-BF4B-00C04F79EFBC}") = "Quantum.Web", "Outermind.Web\Quantum.Web.csproj", "{861C1243-1602-028F-98DA-4C83BEE0FF51}"
EndProject
Project("{FAE04EC0-301F-11D3-BF4B-00C04F79EFBC}") = "Quantum.Tests", "tests\Quantum.Tests\Quantum.Tests.csproj", "{0E0BA0DA-5FCA-451A-ADCF-CC8003ED6618}"
EndProject
Project("{2150E333-8FDC-42A3-9474-1A3956D46DE8}") = "Outermind", "Outermind", "{26B40FFD-659C-F6B5-AD0A-AC6B5A90CECE}"
EndProject
Global
	GlobalSection(SolutionConfigurationPlatforms) = preSolution
		Debug|Any CPU = Debug|Any CPU
		Debug|x64 = Debug|x64
		Debug|x86 = Debug|x86
		Release|Any CPU = Release|Any CPU
		Release|x64 = Release|x64
		Release|x86 = Release|x86
	EndGlobalSection
	GlobalSection(ProjectConfigurationPlatforms) = postSolution
		{591C4A49-8193-4780-BEF3-F3420EC3C65C}.Debug|Any CPU.ActiveCfg = Debug|Any CPU
		{591C4A49-8193-4780-BEF3-F3420EC3C65C}.Debug|Any CPU.Build.0 = Debug|Any CPU
		{591C4A49-8193-4780-BEF3-F3420EC3C65C}.Debug|x64.ActiveCfg = Debug|Any CPU
		{591C4A49-8193-4780-BEF3-F3420EC3C65C}.Debug|x64.Build.0 = Debug|Any CPU
		{591C4A49-8193-4780-BEF3-F3420EC3C65C}.Debug|x86.ActiveCfg = Debug|Any CPU
		{591C4A49-8193-4780-BEF3-F3420EC3C65C}.Debug|x86.Build.0 = Debug|Any CPU
		{591C4A49-8193-4780-BEF3-F3420EC3C65C}.Release|Any CPU.ActiveCfg = Release|Any CPU
		{591C4A49-8193-4780-BEF3-F3420EC3C65C}.Release|Any CPU.Build.0 = Release|Any CPU
		{591C4A49-8193-4780-BEF3-F3420EC3C65C}.Release|x64.ActiveCfg = Release|Any CPU
		{591C4A49-8193-4780-BEF3-F3420EC3C65C}.Release|x64.Build.0 = Release|Any CPU
		{591C4A49-8193-4780-BEF3-F3420EC3C65C}.Release|x86.ActiveCfg = Release|Any CPU
		{591C4A49-8193-4780-BEF3-F3420EC3C65C}.Release|x86.Build.0 = Release|Any CPU
		{2DF0CF1D-1949-4021-ADDC-7C9C898E87C6}.Debug|Any CPU.ActiveCfg = Debug|Any CPU
		{2DF0CF1D-1949-4021-ADDC-7C9C898E87C6}.Debug|Any CPU.Build.0 = Debug|Any CPU
		{2DF0CF1D-1949-4021-ADDC-7C9C898E87C6}.Debug|x64.ActiveCfg = Debug|Any CPU
		{2DF0CF1D-1949-4021-ADDC-7C9C898E87C6}.Debug|x64.Build.0 = Debug|Any CPU
		{2DF0CF1D-1949-4021-ADDC-7C9C898E87C6}.Debug|x86.ActiveCfg = Debug|Any CPU
		{2DF0CF1D-1949-4021-ADDC-7C9C898E87C6}.Debug|x86.Build.0 = Debug|Any CPU
		{2DF0CF1D-1949-4021-ADDC-7C9C898E87C6}.Release|Any CPU.ActiveCfg = Release|Any CPU
		{2DF0CF1D-1949-4021-ADDC-7C9C898E87C6}.Release|Any CPU.Build.0 = Release|Any CPU
		{2DF0CF1D-1949-4021-ADDC-7C9C898E87C6}.Release|x64.ActiveCfg = Release|Any CPU
		{2DF0CF1D-1949-4021-ADDC-7C9C898E87C6}.Release|x64.Build.0 = Release|Any CPU
		{2DF0CF1D-1949-4021-ADDC-7C9C898E87C6}.Release|x86.ActiveCfg = Release|Any CPU
		{2DF0CF1D-1949-4021-ADDC-7C9C898E87C6}.Release|x86.Build.0 = Release|Any CPU
		{2CE3E3CE-24FA-4D49-B7F2-DF90C3F382C9}.Debug|Any CPU.ActiveCfg = Debug|Any CPU
		{2CE3E3CE-24FA-4D49-B7F2-DF90C3F382C9}.Debug|Any CPU.Build.0 = Debug|Any CPU
		{2CE3E3CE-24FA-4D49-B7F2-DF90C3F382C9}.Debug|x64.ActiveCfg = Debug|Any CPU
		{2CE3E3CE-24FA-4D49-B7F2-DF90C3F382C9}.Debug|x64.Build.0 = Debug|Any CPU
		{2CE3E3CE-24FA-4D49-B7F2-DF90C3F382C9}.Debug|x86.ActiveCfg = Debug|Any CPU
		{2CE3E3CE-24FA-4D49-B7F2-DF90C3F382C9}.Debug|x86.Build.0 = Debug|Any CPU
		{2CE3E3CE-24FA-4D49-B7F2-DF90C3F382C9}.Release|Any CPU.ActiveCfg = Release|Any CPU
		{2CE3E3CE-24FA-4D49-B7F2-DF90C3F382C9}.Release|Any CPU.Build.0 = Release|Any CPU
		{2CE3E3CE-24FA-4D49-B7F2-DF90C3F382C9}.Release|x64.ActiveCfg = Release|Any CPU
		{2CE3E3CE-24FA-4D49-B7F2-DF90C3F382C9}.Release|x64.Build.0 = Release|Any CPU
		{2CE3E3CE-24FA-4D49-B7F2-DF90C3F382C9}.Release|x86.ActiveCfg = Release|Any CPU
		{2CE3E3CE-24FA-4D49-B7F2-DF90C3F382C9}.Release|x86.Build.0 = Release|Any CPU
		{FC5AD829-C91E-4A67-9C2E-9536CDB2ECB2}.Debug|Any CPU.ActiveCfg = Debug|Any CPU
		{FC5AD829-C91E-4A67-9C2E-9536CDB2ECB2}.Debug|Any CPU.Build.0 = Debug|Any CPU
		{FC5AD829-C91E-4A67-9C2E-9536CDB2ECB2}.Debug|x64.ActiveCfg = Debug|Any CPU
		{FC5AD829-C91E-4A67-9C2E-9536CDB2ECB2}.Debug|x64.Build.0 = Debug|Any CPU
		{FC5AD829-C91E-4A67-9C2E-9536CDB2ECB2}.Debug|x86.ActiveCfg = Debug|Any CPU
		{FC5AD829-C91E-4A67-9C2E-9536CDB2ECB2}.Debug|x86.Build.0 = Debug|Any CPU
		{FC5AD829-C91E-4A67-9C2E-9536CDB2ECB2}.Release|Any CPU.ActiveCfg = Release|Any CPU
		{FC5AD829-C91E-4A67-9C2E-9536CDB2ECB2}.Release|Any CPU.Build.0 = Release|Any CPU
		{FC5AD829-C91E-4A67-9C2E-9536CDB2ECB2}.Release|x64.ActiveCfg = Release|Any CPU
		{FC5AD829-C91E-4A67-9C2E-9536CDB2ECB2}.Release|x64.Build.0 = Release|Any CPU
		{FC5AD829-C91E-4A67-9C2E-9536CDB2ECB2}.Release|x86.ActiveCfg = Release|Any CPU
		{FC5AD829-C91E-4A67-9C2E-9536CDB2ECB2}.Release|x86.Build.0 = Release|Any CPU
		{530B7EED-5695-4725-96D7-FEE6075F29B0}.Debug|Any CPU.ActiveCfg = Debug|Any CPU
		{530B7EED-5695-4725-96D7-FEE6075F29B0}.Debug|Any CPU.Build.0 = Debug|Any CPU
		{530B7EED-5695-4725-96D7-FEE6075F29B0}.Debug|x64.ActiveCfg = Debug|Any CPU
		{530B7EED-5695-4725-96D7-FEE6075F29B0}.Debug|x64.Build.0 = Debug|Any CPU
		{530B7EED-5695-4725-96D7-FEE6075F29B0}.Debug|x86.ActiveCfg = Debug|Any CPU
		{530B7EED-5695-4725-96D7-FEE6075F29B0}.Debug|x86.Build.0 = Debug|Any CPU
		{530B7EED-5695-4725-96D7-FEE6075F29B0}.Release|Any CPU.ActiveCfg = Release|Any CPU
		{530B7EED-5695-4725-96D7-FEE6075F29B0}.Release|Any CPU.Build.0 = Release|Any CPU
		{530B7EED-5695-4725-96D7-FEE6075F29B0}.Release|x64.ActiveCfg = Release|Any CPU
		{530B7EED-5695-4725-96D7-FEE6075F29B0}.Release|x64.Build.0 = Release|Any CPU
		{530B7EED-5695-4725-96D7-FEE6075F29B0}.Release|x86.ActiveCfg = Release|Any CPU
		{530B7EED-5695-4725-96D7-FEE6075F29B0}.Release|x86.Build.0 = Release|Any CPU
		{D5457111-A91E-4C99-82FB-D25651DA4FF9}.Debug|Any CPU.ActiveCfg = Debug|Any CPU
		{D5457111-A91E-4C99-82FB-D25651DA4FF9}.Debug|Any CPU.Build.0 = Debug|Any CPU
		{D5457111-A91E-4C99-82FB-D25651DA4FF9}.Debug|x64.ActiveCfg = Debug|Any CPU
		{D5457111-A91E-4C99-82FB-D25651DA4FF9}.Debug|x64.Build.0 = Debug|Any CPU
		{D5457111-A91E-4C99-82FB-D25651DA4FF9}.Debug|x86.ActiveCfg = Debug|Any CPU
		{D5457111-A91E-4C99-82FB-D25651DA4FF9}.Debug|x86.Build.0 = Debug|Any CPU
		{D5457111-A91E-4C99-82FB-D25651DA4FF9}.Release|Any CPU.ActiveCfg = Release|Any CPU
		{D5457111-A91E-4C99-82FB-D25651DA4FF9}.Release|Any CPU.Build.0 = Release|Any CPU
		{D5457111-A91E-4C99-82FB-D25651DA4FF9}.Release|x64.ActiveCfg = Release|Any CPU
		{D5457111-A91E-4C99-82FB-D25651DA4FF9}.Release|x64.Build.0 = Release|Any CPU
		{D5457111-A91E-4C99-82FB-D25651DA4FF9}.Release|x86.ActiveCfg = Release|Any CPU
		{D5457111-A91E-4C99-82FB-D25651DA4FF9}.Release|x86.Build.0 = Release|Any CPU
		{24E68249-6182-4FA2-8504-2973B1926FBA}.Debug|Any CPU.ActiveCfg = Debug|Any CPU
		{24E68249-6182-4FA2-8504-2973B1926FBA}.Debug|Any CPU.Build.0 = Debug|Any CPU
		{24E68249-6182-4FA2-8504-2973B1926FBA}.Debug|x64.ActiveCfg = Debug|Any CPU
		{24E68249-6182-4FA2-8504-2973B1926FBA}.Debug|x64.Build.0 = Debug|Any CPU
		{24E68249-6182-4FA2-8504-2973B1926FBA}.Debug|x86.ActiveCfg = Debug|Any CPU
		{24E68249-6182-4FA2-8504-2973B1926FBA}.Debug|x86.Build.0 = Debug|Any CPU
		{24E68249-6182-4FA2-8504-2973B1926FBA}.Release|Any CPU.ActiveCfg = Release|Any CPU
		{24E68249-6182-4FA2-8504-2973B1926FBA}.Release|Any CPU.Build.0 = Release|Any CPU
		{24E68249-6182-4FA2-8504-2973B1926FBA}.Release|x64.ActiveCfg = Release|Any CPU
		{24E68249-6182-4FA2-8504-2973B1926FBA}.Release|x64.Build.0 = Release|Any CPU
		{24E68249-6182-4FA2-8504-2973B1926FBA}.Release|x86.ActiveCfg = Release|Any CPU
		{24E68249-6182-4FA2-8504-2973B1926FBA}.Release|x86.Build.0 = Release|Any CPU
		{608B4716-40D6-4A8C-8DBA-C49EB06B1984}.Debug|Any CPU.ActiveCfg = Debug|Any CPU
		{608B4716-40D6-4A8C-8DBA-C49EB06B1984}.Debug|Any CPU.Build.0 = Debug|Any CPU
		{608B4716-40D6-4A8C-8DBA-C49EB06B1984}.Debug|x64.ActiveCfg = Debug|Any CPU
		{608B4716-40D6-4A8C-8DBA-C49EB06B1984}.Debug|x64.Build.0 = Debug|Any CPU
		{608B4716-40D6-4A8C-8DBA-C49EB06B1984}.Debug|x86.ActiveCfg = Debug|Any CPU
		{608B4716-40D6-4A8C-8DBA-C49EB06B1984}.Debug|x86.Build.0 = Debug|Any CPU
		{608B4716-40D6-4A8C-8DBA-C49EB06B1984}.Release|Any CPU.ActiveCfg = Release|Any CPU
		{608B4716-40D6-4A8C-8DBA-C49EB06B1984}.Release|Any CPU.Build.0 = Release|Any CPU
		{608B4716-40D6-4A8C-8DBA-C49EB06B1984}.Release|x64.ActiveCfg = Release|Any CPU
		{608B4716-40D6-4A8C-8DBA-C49EB06B1984}.Release|x64.Build.0 = Release|Any CPU
		{608B4716-40D6-4A8C-8DBA-C49EB06B1984}.Release|x86.ActiveCfg = Release|Any CPU
		{608B4716-40D6-4A8C-8DBA-C49EB06B1984}.Release|x86.Build.0 = Release|Any CPU
		{FA17F2BF-3BAD-4AC4-A970-16E7C81D2852}.Debug|Any CPU.ActiveCfg = Debug|Any CPU
		{FA17F2BF-3BAD-4AC4-A970-16E7C81D2852}.Debug|Any CPU.Build.0 = Debug|Any CPU
		{FA17F2BF-3BAD-4AC4-A970-16E7C81D2852}.Debug|x64.ActiveCfg = Debug|Any CPU
		{FA17F2BF-3BAD-4AC4-A970-16E7C81D2852}.Debug|x64.Build.0 = Debug|Any CPU
		{FA17F2BF-3BAD-4AC4-A970-16E7C81D2852}.Debug|x86.ActiveCfg = Debug|Any CPU
		{FA17F2BF-3BAD-4AC4-A970-16E7C81D2852}.Debug|x86.Build.0 = Debug|Any CPU
		{FA17F2BF-3BAD-4AC4-A970-16E7C81D2852}.Release|Any CPU.ActiveCfg = Release|Any CPU
		{FA17F2BF-3BAD-4AC4-A970-16E7C81D2852}.Release|Any CPU.Build.0 = Release|Any CPU
		{FA17F2BF-3BAD-4AC4-A970-16E7C81D2852}.Release|x64.ActiveCfg = Release|Any CPU
		{FA17F2BF-3BAD-4AC4-A970-16E7C81D2852}.Release|x64.Build.0 = Release|Any CPU
		{FA17F2BF-3BAD-4AC4-A970-16E7C81D2852}.Release|x86.ActiveCfg = Release|Any CPU
		{FA17F2BF-3BAD-4AC4-A970-16E7C81D2852}.Release|x86.Build.0 = Release|Any CPU
		{AD26407A-1944-4507-A296-56338B4AF0EA}.Debug|Any CPU.ActiveCfg = Debug|Any CPU
		{AD26407A-1944-4507-A296-56338B4AF0EA}.Debug|Any CPU.Build.0 = Debug|Any CPU
		{AD26407A-1944-4507-A296-56338B4AF0EA}.Debug|x64.ActiveCfg = Debug|Any CPU
		{AD26407A-1944-4507-A296-56338B4AF0EA}.Debug|x64.Build.0 = Debug|Any CPU
		{AD26407A-1944-4507-A296-56338B4AF0EA}.Debug|x86.ActiveCfg = Debug|Any CPU
		{AD26407A-1944-4507-A296-56338B4AF0EA}.Debug|x86.Build.0 = Debug|Any CPU
		{AD26407A-1944-4507-A296-56338B4AF0EA}.Release|Any CPU.ActiveCfg = Release|Any CPU
		{AD26407A-1944-4507-A296-56338B4AF0EA}.Release|Any CPU.Build.0 = Release|Any CPU
		{AD26407A-1944-4507-A296-56338B4AF0EA}.Release|x64.ActiveCfg = Release|Any CPU
		{AD26407A-1944-4507-A296-56338B4AF0EA}.Release|x64.Build.0 = Release|Any CPU
		{AD26407A-1944-4507-A296-56338B4AF0EA}.Release|x86.ActiveCfg = Release|Any CPU
		{AD26407A-1944-4507-A296-56338B4AF0EA}.Release|x86.Build.0 = Release|Any CPU
		{89918063-7F9C-CBEB-B994-FF7BF0890257}.Debug|Any CPU.ActiveCfg = Debug|Any CPU
		{89918063-7F9C-CBEB-B994-FF7BF0890257}.Debug|Any CPU.Build.0 = Debug|Any CPU
		{89918063-7F9C-CBEB-B994-FF7BF0890257}.Debug|x64.ActiveCfg = Debug|Any CPU
		{89918063-7F9C-CBEB-B994-FF7BF0890257}.Debug|x64.Build.0 = Debug|Any CPU
		{89918063-7F9C-CBEB-B994-FF7BF0890257}.Debug|x86.ActiveCfg = Debug|Any CPU
		{89918063-7F9C-CBEB-B994-FF7BF0890257}.Debug|x86.Build.0 = Debug|Any CPU
		{89918063-7F9C-CBEB-B994-FF7BF0890257}.Release|Any CPU.ActiveCfg = Release|Any CPU
		{89918063-7F9C-CBEB-B994-FF7BF0890257}.Release|Any CPU.Build.0 = Release|Any CPU
		{89918063-7F9C-CBEB-B994-FF7BF0890257}.Release|x64.ActiveCfg = Release|Any CPU
		{89918063-7F9C-CBEB-B994-FF7BF0890257}.Release|x64.Build.0 = Release|Any CPU
		{89918063-7F9C-CBEB-B994-FF7BF0890257}.Release|x86.ActiveCfg = Release|Any CPU
		{89918063-7F9C-CBEB-B994-FF7BF0890257}.Release|x86.Build.0 = Release|Any CPU
		{FBE4A23E-67C6-598A-4049-9E22DE4CC45D}.Debug|Any CPU.ActiveCfg = Debug|Any CPU
		{FBE4A23E-67C6-598A-4049-9E22DE4CC45D}.Debug|Any CPU.Build.0 = Debug|Any CPU
		{FBE4A23E-67C6-598A-4049-9E22DE4CC45D}.Debug|x64.ActiveCfg = Debug|Any CPU
		{FBE4A23E-67C6-598A-4049-9E22DE4CC45D}.Debug|x64.Build.0 = Debug|Any CPU
		{FBE4A23E-67C6-598A-4049-9E22DE4CC45D}.Debug|x86.ActiveCfg = Debug|Any CPU
		{FBE4A23E-67C6-598A-4049-9E22DE4CC45D}.Debug|x86.Build.0 = Debug|Any CPU
		{FBE4A23E-67C6-598A-4049-9E22DE4CC45D}.Release|Any CPU.ActiveCfg = Release|Any CPU
		{FBE4A23E-67C6-598A-4049-9E22DE4CC45D}.Release|Any CPU.Build.0 = Release|Any CPU
		{FBE4A23E-67C6-598A-4049-9E22DE4CC45D}.Release|x64.ActiveCfg = Release|Any CPU
		{FBE4A23E-67C6-598A-4049-9E22DE4CC45D}.Release|x64.Build.0 = Release|Any CPU
		{FBE4A23E-67C6-598A-4049-9E22DE4CC45D}.Release|x86.ActiveCfg = Release|Any CPU
		{FBE4A23E-67C6-598A-4049-9E22DE4CC45D}.Release|x86.Build.0 = Release|Any CPU
		{861C1243-1602-028F-98DA-4C83BEE0FF51}.Debug|Any CPU.ActiveCfg = Debug|Any CPU
		{861C1243-1602-028F-98DA-4C83BEE0FF51}.Debug|Any CPU.Build.0 = Debug|Any CPU
		{861C1243-1602-028F-98DA-4C83BEE0FF51}.Debug|x64.ActiveCfg = Debug|Any CPU
		{861C1243-1602-028F-98DA-4C83BEE0FF51}.Debug|x64.Build.0 = Debug|Any CPU
		{861C1243-1602-028F-98DA-4C83BEE0FF51}.Debug|x86.ActiveCfg = Debug|Any CPU
		{861C1243-1602-028F-98DA-4C83BEE0FF51}.Debug|x86.Build.0 = Debug|Any CPU
		{861C1243-1602-028F-98DA-4C83BEE0FF51}.Release|Any CPU.ActiveCfg = Release|Any CPU
		{861C1243-1602-028F-98DA-4C83BEE0FF51}.Release|Any CPU.Build.0 = Release|Any CPU
		{861C1243-1602-028F-98DA-4C83BEE0FF51}.Release|x64.ActiveCfg = Release|Any CPU
		{861C1243-1602-028F-98DA-4C83BEE0FF51}.Release|x64.Build.0 = Release|Any CPU
		{861C1243-1602-028F-98DA-4C83BEE0FF51}.Release|x86.ActiveCfg = Release|Any CPU
		{861C1243-1602-028F-98DA-4C83BEE0FF51}.Release|x86.Build.0 = Release|Any CPU
		{0E0BA0DA-5FCA-451A-ADCF-CC8003ED6618}.Debug|Any CPU.ActiveCfg = Debug|Any CPU
		{0E0BA0DA-5FCA-451A-ADCF-CC8003ED6618}.Debug|Any CPU.Build.0 = Debug|Any CPU
		{0E0BA0DA-5FCA-451A-ADCF-CC8003ED6618}.Debug|x64.ActiveCfg = Debug|Any CPU
		{0E0BA0DA-5FCA-451A-ADCF-CC8003ED6618}.Debug|x64.Build.0 = Debug|Any CPU
		{0E0BA0DA-5FCA-451A-ADCF-CC8003ED6618}.Debug|x86.ActiveCfg = Debug|Any CPU
		{0E0BA0DA-5FCA-451A-ADCF-CC8003ED6618}.Debug|x86.Build.0 = Debug|Any CPU
		{0E0BA0DA-5FCA-451A-ADCF-CC8003ED6618}.Release|Any CPU.ActiveCfg = Release|Any CPU
		{0E0BA0DA-5FCA-451A-ADCF-CC8003ED6618}.Release|Any CPU.Build.0 = Release|Any CPU
		{0E0BA0DA-5FCA-451A-ADCF-CC8003ED6618}.Release|x64.ActiveCfg = Release|Any CPU
		{0E0BA0DA-5FCA-451A-ADCF-CC8003ED6618}.Release|x64.Build.0 = Release|Any CPU
		{0E0BA0DA-5FCA-451A-ADCF-CC8003ED6618}.Release|x86.ActiveCfg = Release|Any CPU
		{0E0BA0DA-5FCA-451A-ADCF-CC8003ED6618}.Release|x86.Build.0 = Release|Any CPU
	EndGlobalSection
	GlobalSection(SolutionProperties) = preSolution
		HideSolutionNode = FALSE
	EndGlobalSection
	GlobalSection(NestedProjects) = preSolution
		{FA17F2BF-3BAD-4AC4-A970-16E7C81D2852} = {61D62A6C-0B81-48F7-8204-76924E273C7D}
		{0E0BA0DA-5FCA-451A-ADCF-CC8003ED6618} = {61D62A6C-0B81-48F7-8204-76924E273C7D}
	EndGlobalSection
	GlobalSection(ExtensibilityGlobals) = postSolution
		SolutionGuid = {8A4B0755-4E1A-46B2-A3CF-245702E48290}
	EndGlobalSection
EndGlobal
