
Microsoft Visual Studio Solution File, Format Version 12.00
# Visual Studio Version 16
VisualStudioVersion = 16.0.30413.136
MinimumVisualStudioVersion = 10.0.40219.1
Project("{9A19103F-16F7-4668-BE54-9A1E7A4F7556}") = "Totem.Messages", "src\Totem.Messages\Totem.Messages.csproj", "{EA1E9F16-0F32-4DD2-86A5-2EF86E562A72}"
EndProject
Project("{9A19103F-16F7-4668-BE54-9A1E7A4F7556}") = "Totem.Runtime", "src\Totem.Runtime\Totem.Runtime.csproj", "{A9EFF6B1-6EE1-4BD1-9334-BEA6BB5E5852}"
EndProject
Project("{9A19103F-16F7-4668-BE54-9A1E7A4F7556}") = "Totem.Client", "src\Totem.Client\Totem.Client.csproj", "{D3BE096C-9467-47BA-AC60-35C315E4F37A}"
EndProject
Project("{9A19103F-16F7-4668-BE54-9A1E7A4F7556}") = "Totem.AspNetCore", "src\Totem.AspNetCore\Totem.AspNetCore.csproj", "{ACE65ACA-E1F1-4032-B28B-E6FF3FB38066}"
EndProject
Project("{2150E333-8FDC-42A3-9474-1A3956D46DE8}") = "examples", "examples", "{6087B4F6-F466-4C80-8812-132ECF848E3B}"
EndProject
Project("{2150E333-8FDC-42A3-9474-1A3956D46DE8}") = "Dream", "Dream", "{0B4E898D-9517-4A7F-8DD3-7999B870C969}"
EndProject
Project("{9A19103F-16F7-4668-BE54-9A1E7A4F7556}") = "Dream.Messages", "examples\Dream\src\Dream.Messages\Dream.Messages.csproj", "{12ACC7F0-2A5A-4F5E-ACB4-B94A0B60265A}"
EndProject
Project("{9A19103F-16F7-4668-BE54-9A1E7A4F7556}") = "Dream.Runtime", "examples\Dream\src\Dream.Runtime\Dream.Runtime.csproj", "{D51F0BC8-1FA4-4BD6-8293-B81629139395}"
EndProject
Project("{9A19103F-16F7-4668-BE54-9A1E7A4F7556}") = "Dream.Web", "examples\Dream\src\Dream.Web\Dream.Web.csproj", "{91BF59C8-C71B-403E-BED1-EA731F0C4BBD}"
EndProject
Project("{2150E333-8FDC-42A3-9474-1A3956D46DE8}") = "EOSIO", "EOSIO", "{A5D019B4-9A8A-4C73-A8D5-E7156F9DBC7E}"
EndProject
Project("{FAE04EC0-301F-11D3-BF4B-00C04F79EFBC}") = "Decrypto.Messages", "Decrypto.Messages\Decrypto.Messages.csproj", "{CE35031C-74FF-4351-B6E9-D95485A7F832}"
EndProject
Project("{FAE04EC0-301F-11D3-BF4B-00C04F79EFBC}") = "Decrypto.Runtime", "Decrypto.Runtime\Decrypto.Runtime.csproj", "{99794D0F-E263-4086-AD2F-FF6429EEEF03}"
EndProject
Project("{FAE04EC0-301F-11D3-BF4B-00C04F79EFBC}") = "Decrypto.Web", "Decrypto.Web\Decrypto.Web.csproj", "{B5250499-C02C-4A39-A4E4-E20C2DC41936}"
EndProject
Project("{2150E333-8FDC-42A3-9474-1A3956D46DE8}") = "WAX", "WAX", "{DD6E0D5E-B848-483B-BCAF-E35BD4B031B9}"
EndProject
Project("{9A19103F-16F7-4668-BE54-9A1E7A4F7556}") = "WaxInterfaces", "G:\Code\CreeperWorld\CrplWiki\WaxInterfaces\WaxInterfaces.csproj", "{0E3293E6-BBD9-406F-B629-E2CC91FAD9C9}"
EndProject
Project("{9A19103F-16F7-4668-BE54-9A1E7A4F7556}") = "NftAssets", "G:\Code\CreeperWorld\CrplWiki\CrplWiki\NftAssets.csproj", "{8FBD874D-D225-4766-B7AB-BF68B7A91F09}"
EndProject
Global
	GlobalSection(SolutionConfigurationPlatforms) = preSolution
		Debug|Any CPU = Debug|Any CPU
		Release|Any CPU = Release|Any CPU
	EndGlobalSection
	GlobalSection(ProjectConfigurationPlatforms) = postSolution
		{EA1E9F16-0F32-4DD2-86A5-2EF86E562A72}.Debug|Any CPU.ActiveCfg = Debug|Any CPU
		{EA1E9F16-0F32-4DD2-86A5-2EF86E562A72}.Debug|Any CPU.Build.0 = Debug|Any CPU
		{EA1E9F16-0F32-4DD2-86A5-2EF86E562A72}.Release|Any CPU.ActiveCfg = Release|Any CPU
		{EA1E9F16-0F32-4DD2-86A5-2EF86E562A72}.Release|Any CPU.Build.0 = Release|Any CPU
		{A9EFF6B1-6EE1-4BD1-9334-BEA6BB5E5852}.Debug|Any CPU.ActiveCfg = Debug|Any CPU
		{A9EFF6B1-6EE1-4BD1-9334-BEA6BB5E5852}.Debug|Any CPU.Build.0 = Debug|Any CPU
		{A9EFF6B1-6EE1-4BD1-9334-BEA6BB5E5852}.Release|Any CPU.ActiveCfg = Release|Any CPU
		{A9EFF6B1-6EE1-4BD1-9334-BEA6BB5E5852}.Release|Any CPU.Build.0 = Release|Any CPU
		{D3BE096C-9467-47BA-AC60-35C315E4F37A}.Debug|Any CPU.ActiveCfg = Debug|Any CPU
		{D3BE096C-9467-47BA-AC60-35C315E4F37A}.Debug|Any CPU.Build.0 = Debug|Any CPU
		{D3BE096C-9467-47BA-AC60-35C315E4F37A}.Release|Any CPU.ActiveCfg = Release|Any CPU
		{D3BE096C-9467-47BA-AC60-35C315E4F37A}.Release|Any CPU.Build.0 = Release|Any CPU
		{ACE65ACA-E1F1-4032-B28B-E6FF3FB38066}.Debug|Any CPU.ActiveCfg = Debug|Any CPU
		{ACE65ACA-E1F1-4032-B28B-E6FF3FB38066}.Debug|Any CPU.Build.0 = Debug|Any CPU
		{ACE65ACA-E1F1-4032-B28B-E6FF3FB38066}.Release|Any CPU.ActiveCfg = Release|Any CPU
		{ACE65ACA-E1F1-4032-B28B-E6FF3FB38066}.Release|Any CPU.Build.0 = Release|Any CPU
		{12ACC7F0-2A5A-4F5E-ACB4-B94A0B60265A}.Debug|Any CPU.ActiveCfg = Debug|Any CPU
		{12ACC7F0-2A5A-4F5E-ACB4-B94A0B60265A}.Debug|Any CPU.Build.0 = Debug|Any CPU
		{12ACC7F0-2A5A-4F5E-ACB4-B94A0B60265A}.Release|Any CPU.ActiveCfg = Release|Any CPU
		{12ACC7F0-2A5A-4F5E-ACB4-B94A0B60265A}.Release|Any CPU.Build.0 = Release|Any CPU
		{D51F0BC8-1FA4-4BD6-8293-B81629139395}.Debug|Any CPU.ActiveCfg = Debug|Any CPU
		{D51F0BC8-1FA4-4BD6-8293-B81629139395}.Debug|Any CPU.Build.0 = Debug|Any CPU
		{D51F0BC8-1FA4-4BD6-8293-B81629139395}.Release|Any CPU.ActiveCfg = Release|Any CPU
		{D51F0BC8-1FA4-4BD6-8293-B81629139395}.Release|Any CPU.Build.0 = Release|Any CPU
		{91BF59C8-C71B-403E-BED1-EA731F0C4BBD}.Debug|Any CPU.ActiveCfg = Debug|Any CPU
		{91BF59C8-C71B-403E-BED1-EA731F0C4BBD}.Debug|Any CPU.Build.0 = Debug|Any CPU
		{91BF59C8-C71B-403E-BED1-EA731F0C4BBD}.Release|Any CPU.ActiveCfg = Release|Any CPU
		{91BF59C8-C71B-403E-BED1-EA731F0C4BBD}.Release|Any CPU.Build.0 = Release|Any CPU
		{CE35031C-74FF-4351-B6E9-D95485A7F832}.Debug|Any CPU.ActiveCfg = Debug|Any CPU
		{CE35031C-74FF-4351-B6E9-D95485A7F832}.Debug|Any CPU.Build.0 = Debug|Any CPU
		{CE35031C-74FF-4351-B6E9-D95485A7F832}.Release|Any CPU.ActiveCfg = Release|Any CPU
		{CE35031C-74FF-4351-B6E9-D95485A7F832}.Release|Any CPU.Build.0 = Release|Any CPU
		{99794D0F-E263-4086-AD2F-FF6429EEEF03}.Debug|Any CPU.ActiveCfg = Debug|Any CPU
		{99794D0F-E263-4086-AD2F-FF6429EEEF03}.Debug|Any CPU.Build.0 = Debug|Any CPU
		{99794D0F-E263-4086-AD2F-FF6429EEEF03}.Release|Any CPU.ActiveCfg = Release|Any CPU
		{99794D0F-E263-4086-AD2F-FF6429EEEF03}.Release|Any CPU.Build.0 = Release|Any CPU
		{B5250499-C02C-4A39-A4E4-E20C2DC41936}.Debug|Any CPU.ActiveCfg = Debug|Any CPU
		{B5250499-C02C-4A39-A4E4-E20C2DC41936}.Debug|Any CPU.Build.0 = Debug|Any CPU
		{B5250499-C02C-4A39-A4E4-E20C2DC41936}.Release|Any CPU.ActiveCfg = Release|Any CPU
		{B5250499-C02C-4A39-A4E4-E20C2DC41936}.Release|Any CPU.Build.0 = Release|Any CPU
		{0E3293E6-BBD9-406F-B629-E2CC91FAD9C9}.Debug|Any CPU.ActiveCfg = Debug|Any CPU
		{0E3293E6-BBD9-406F-B629-E2CC91FAD9C9}.Debug|Any CPU.Build.0 = Debug|Any CPU
		{0E3293E6-BBD9-406F-B629-E2CC91FAD9C9}.Release|Any CPU.ActiveCfg = Release|Any CPU
		{0E3293E6-BBD9-406F-B629-E2CC91FAD9C9}.Release|Any CPU.Build.0 = Release|Any CPU
		{8FBD874D-D225-4766-B7AB-BF68B7A91F09}.Debug|Any CPU.ActiveCfg = Debug|Any CPU
		{8FBD874D-D225-4766-B7AB-BF68B7A91F09}.Debug|Any CPU.Build.0 = Debug|Any CPU
		{8FBD874D-D225-4766-B7AB-BF68B7A91F09}.Release|Any CPU.ActiveCfg = Release|Any CPU
		{8FBD874D-D225-4766-B7AB-BF68B7A91F09}.Release|Any CPU.Build.0 = Release|Any CPU
	EndGlobalSection
	GlobalSection(SolutionProperties) = preSolution
		HideSolutionNode = FALSE
	EndGlobalSection
	GlobalSection(NestedProjects) = preSolution
		{0B4E898D-9517-4A7F-8DD3-7999B870C969} = {6087B4F6-F466-4C80-8812-132ECF848E3B}
		{12ACC7F0-2A5A-4F5E-ACB4-B94A0B60265A} = {0B4E898D-9517-4A7F-8DD3-7999B870C969}
		{D51F0BC8-1FA4-4BD6-8293-B81629139395} = {0B4E898D-9517-4A7F-8DD3-7999B870C969}
		{91BF59C8-C71B-403E-BED1-EA731F0C4BBD} = {0B4E898D-9517-4A7F-8DD3-7999B870C969}
		{CE35031C-74FF-4351-B6E9-D95485A7F832} = {A5D019B4-9A8A-4C73-A8D5-E7156F9DBC7E}
		{99794D0F-E263-4086-AD2F-FF6429EEEF03} = {A5D019B4-9A8A-4C73-A8D5-E7156F9DBC7E}
		{B5250499-C02C-4A39-A4E4-E20C2DC41936} = {A5D019B4-9A8A-4C73-A8D5-E7156F9DBC7E}
		{0E3293E6-BBD9-406F-B629-E2CC91FAD9C9} = {DD6E0D5E-B848-483B-BCAF-E35BD4B031B9}
		{8FBD874D-D225-4766-B7AB-BF68B7A91F09} = {DD6E0D5E-B848-483B-BCAF-E35BD4B031B9}
	EndGlobalSection
	GlobalSection(ExtensibilityGlobals) = postSolution
		SolutionGuid = {5BCA6A7F-AC34-4FB7-B531-96DD308C41CC}
	EndGlobalSection
EndGlobal
